Microsoft Visual Studio Solution File, Format Version 12.00
# Visual Studio 2012
Project("{FAE04EC0-301F-11D3-BF4B-00C04F79EFBC}") = "frontend-dev-sim", "frontend-dev-sim.csproj", "{FAEC03BC-9E94-4FDC-8502-4C2AF726209F}"
EndProject
Global
	GlobalSection(SolutionConfigurationPlatforms) = preSolution
	Debug|Any CPU = Debug|Any CPU
	ExportDebug|Any CPU = ExportDebug|Any CPU
	ExportRelease|Any CPU = ExportRelease|Any CPU
	EndGlobalSection
	GlobalSection(ProjectConfigurationPlatforms) = postSolution
		{FAEC03BC-9E94-4FDC-8502-4C2AF726209F}.Debug|Any CPU.ActiveCfg = Debug|Any CPU
		{FAEC03BC-9E94-4FDC-8502-4C2AF726209F}.Debug|Any CPU.Build.0 = Debug|Any CPU
		{FAEC03BC-9E94-4FDC-8502-4C2AF726209F}.ExportDebug|Any CPU.ActiveCfg = ExportDebug|Any CPU
		{FAEC03BC-9E94-4FDC-8502-4C2AF726209F}.ExportDebug|Any CPU.Build.0 = ExportDebug|Any CPU
		{FAEC03BC-9E94-4FDC-8502-4C2AF726209F}.ExportRelease|Any CPU.ActiveCfg = ExportRelease|Any CPU
		{FAEC03BC-9E94-4FDC-8502-4C2AF726209F}.ExportRelease|Any CPU.Build.0 = ExportRelease|Any CPU
	EndGlobalSection
EndGlobal
