Microsoft Visual Studio Solution File, Format Version 12.00
# Visual Studio 2012
Project("{FAE04EC0-301F-11D3-BF4B-00C04F79EFBC}") = "frontend-dev-sim", "frontend-dev-sim.csproj", "{BB9771E5-6139-4811-9369-BA110AE60BFE}"
EndProject
Global
	GlobalSection(SolutionConfigurationPlatforms) = preSolution
	Debug|Any CPU = Debug|Any CPU
	ExportDebug|Any CPU = ExportDebug|Any CPU
	ExportRelease|Any CPU = ExportRelease|Any CPU
	EndGlobalSection
	GlobalSection(ProjectConfigurationPlatforms) = postSolution
		{BB9771E5-6139-4811-9369-BA110AE60BFE}.Debug|Any CPU.ActiveCfg = Debug|Any CPU
		{BB9771E5-6139-4811-9369-BA110AE60BFE}.Debug|Any CPU.Build.0 = Debug|Any CPU
		{BB9771E5-6139-4811-9369-BA110AE60BFE}.ExportDebug|Any CPU.ActiveCfg = ExportDebug|Any CPU
		{BB9771E5-6139-4811-9369-BA110AE60BFE}.ExportDebug|Any CPU.Build.0 = ExportDebug|Any CPU
		{BB9771E5-6139-4811-9369-BA110AE60BFE}.ExportRelease|Any CPU.ActiveCfg = ExportRelease|Any CPU
		{BB9771E5-6139-4811-9369-BA110AE60BFE}.ExportRelease|Any CPU.Build.0 = ExportRelease|Any CPU
	EndGlobalSection
EndGlobal
